
Microsoft Visual Studio Solution File, Format Version 12.00
# Visual Studio 15
VisualStudioVersion = 15.0.28306.52
MinimumVisualStudioVersion = 10.0.40219.1
Project("{FAE04EC0-301F-11D3-BF4B-00C04F79EFBC}") = "HC_SALARYBREAKUP_HRO_HC_SERVICE", "HC_SALARYBREAKUP_HRO_HC_SERVICE\HC_SALARYBREAKUP_HRO_HC_SERVICE.csproj", "{FFD150C3-D743-4C7B-9316-FBF73EAC99C9}"
EndProject
Global
	GlobalSection(SolutionConfigurationPlatforms) = preSolution
		Debug|Any CPU = Debug|Any CPU
		Release|Any CPU = Release|Any CPU
	EndGlobalSection
	GlobalSection(ProjectConfigurationPlatforms) = postSolution
		{FFD150C3-D743-4C7B-9316-FBF73EAC99C9}.Debug|Any CPU.ActiveCfg = Debug|Any CPU
		{FFD150C3-D743-4C7B-9316-FBF73EAC99C9}.Debug|Any CPU.Build.0 = Debug|Any CPU
		{FFD150C3-D743-4C7B-9316-FBF73EAC99C9}.Release|Any CPU.ActiveCfg = Release|Any CPU
		{FFD150C3-D743-4C7B-9316-FBF73EAC99C9}.Release|Any CPU.Build.0 = Release|Any CPU
	EndGlobalSection
	GlobalSection(SolutionProperties) = preSolution
		HideSolutionNode = FALSE
	EndGlobalSection
	GlobalSection(ExtensibilityGlobals) = postSolution
		SolutionGuid = {BDAD9CAD-41AE-4777-862D-ADD51D6BE6E1}
	EndGlobalSection
EndGlobal
